
Microsoft Visual Studio Solution File, Format Version 12.00
# Visual Studio Version 17
VisualStudioVersion = 17.13.35931.197
MinimumVisualStudioVersion = 10.0.40219.1
Project("{8BC9CEB8-8B4A-11D0-8D11-00A0C91BC942}") = "VideoDecoderSpeedTester", "VideoDecoderSpeedTester\VideoDecoderSpeedTester.vcxproj", "{328573D7-D7AB-4623-A450-AEBBBA6F8BD0}"
EndProject
Global
	GlobalSection(SolutionConfigurationPlatforms) = preSolution
		Debug|x64 = Debug|x64
		Debug|x86 = Debug|x86
		publish_x64|x64 = publish_x64|x64
		publish_x64|x86 = publish_x64|x86
		Release|x64 = Release|x64
		Release|x86 = Release|x86
	EndGlobalSection
	GlobalSection(ProjectConfigurationPlatforms) = postSolution
		{328573D7-D7AB-4623-A450-AEBBBA6F8BD0}.Debug|x64.ActiveCfg = Debug|x64
		{328573D7-D7AB-4623-A450-AEBBBA6F8BD0}.Debug|x64.Build.0 = Debug|x64
		{328573D7-D7AB-4623-A450-AEBBBA6F8BD0}.Debug|x86.ActiveCfg = Debug|Win32
		{328573D7-D7AB-4623-A450-AEBBBA6F8BD0}.Debug|x86.Build.0 = Debug|Win32
		{328573D7-D7AB-4623-A450-AEBBBA6F8BD0}.publish_x64|x64.ActiveCfg = publish_x64|x64
		{328573D7-D7AB-4623-A450-AEBBBA6F8BD0}.publish_x64|x64.Build.0 = publish_x64|x64
		{328573D7-D7AB-4623-A450-AEBBBA6F8BD0}.publish_x64|x86.ActiveCfg = publish_x64|Win32
		{328573D7-D7AB-4623-A450-AEBBBA6F8BD0}.publish_x64|x86.Build.0 = publish_x64|Win32
		{328573D7-D7AB-4623-A450-AEBBBA6F8BD0}.Release|x64.ActiveCfg = Release|x64
		{328573D7-D7AB-4623-A450-AEBBBA6F8BD0}.Release|x64.Build.0 = Release|x64
		{328573D7-D7AB-4623-A450-AEBBBA6F8BD0}.Release|x86.ActiveCfg = Release|Win32
		{328573D7-D7AB-4623-A450-AEBBBA6F8BD0}.Release|x86.Build.0 = Release|Win32
	EndGlobalSection
	GlobalSection(SolutionProperties) = preSolution
		HideSolutionNode = FALSE
	EndGlobalSection
	GlobalSection(ExtensibilityGlobals) = postSolution
		SolutionGuid = {F31CA9C7-AE29-4B38-943B-8D7831F1D409}
	EndGlobalSection
EndGlobal
